Microsoft Visual Studio Solution File, Format Version 12.00
# Visual Studio Version 17
VisualStudioVersion = 17.5.2.0
MinimumVisualStudioVersion = 10.0.40219.1
Project("{FAE04EC0-301F-11D3-BF4B-00C04F79EFBC}") = "teams-streaming-call", "teams-streaming-call.csproj", "{FF2850B6-FC44-A3FA-38E5-3050C0E110EB}"
EndProject
Global
	GlobalSection(SolutionConfigurationPlatforms) = preSolution
		Debug|Any CPU = Debug|Any CPU
		Release|Any CPU = Release|Any CPU
	EndGlobalSection
	GlobalSection(ProjectConfigurationPlatforms) = postSolution
		{FF2850B6-FC44-A3FA-38E5-3050C0E110EB}.Debug|Any CPU.ActiveCfg = Debug|Any CPU
		{FF2850B6-FC44-A3FA-38E5-3050C0E110EB}.Debug|Any CPU.Build.0 = Debug|Any CPU
		{FF2850B6-FC44-A3FA-38E5-3050C0E110EB}.Release|Any CPU.ActiveCfg = Release|Any CPU
		{FF2850B6-FC44-A3FA-38E5-3050C0E110EB}.Release|Any CPU.Build.0 = Release|Any CPU
	EndGlobalSection
	GlobalSection(SolutionProperties) = preSolution
		HideSolutionNode = FALSE
	EndGlobalSection
	GlobalSection(ExtensibilityGlobals) = postSolution
		SolutionGuid = {B5E88652-1AC7-484B-BE84-EA0498FAA64A}
	EndGlobalSection
EndGlobal
